PODS:
  - ButtersCode (0.0.1)
  - YYKit (1.0.9):
    - YYKit/no-arc (= 1.0.9)
  - YYKit/no-arc (1.0.9)

DEPENDENCIES:
  - ButtersCode (from `../ButtersCode`)
  - YYKit (~> 1.0.9)

SPEC REPOS:
  trunk:
    - YYKit

EXTERNAL SOURCES:
  ButtersCode:
    :path: "../ButtersCode"

SPEC CHECKSUMS:
  ButtersCode: 3cc3171fa9569302b78fe62fde53d4d7bd78073e
  YYKit: 7cda43304a8dc3696c449041e2cb3107b4e236e7

PODFILE CHECKSUM: 29bf3843a3c8e5b38606cf88a95c58b3e67f075b

COCOAPODS: 1.11.3
