// !$*UTF8*$!
{
	archiveVersion = 1;
	classes = {
	};
	objectVersion = 50;
	objects = {

/* Begin PBXBuildFile section */
		3209E120B723028A85347C11 /* Pods_AutoSizeBanner.framework in Frameworks */ = {isa = PBXBuildFile; fileRef = 0CBD8141D7B121BF35D3CE81 /* Pods_AutoSizeBanner.framework */; };
		40AA30D92861884E00954214 /* AppDelegate.swift in Sources */ = {isa = PBXBuildFile; fileRef = 40AA30D82861884E00954214 /* AppDelegate.swift */; };
		40AA30DB2861884E00954214 /* SceneDelegate.swift in Sources */ = {isa = PBXBuildFile; fileRef = 40AA30DA2861884E00954214 /* SceneDelegate.swift */; };
		40AA30DD2861884F00954214 /* ViewController.swift in Sources */ = {isa = PBXBuildFile; fileRef = 40AA30DC2861884F00954214 /* ViewController.swift */; };
		40AA30E02861884F00954214 /* Main.storyboard in Resources */ = {isa = PBXBuildFile; fileRef = 40AA30DE2861884F00954214 /* Main.storyboard */; };
		40AA30E22861885600954214 /* Assets.xcassets in Resources */ = {isa = PBXBuildFile; fileRef = 40AA30E12861885600954214 /* Assets.xcassets */; };
		40AA30E52861885600954214 /* LaunchScreen.storyboard in Resources */ = {isa = PBXBuildFile; fileRef = 40AA30E32861885600954214 /* LaunchScreen.storyboard */; };
/* End PBXBuildFile section */

/* Begin PBXFileReference section */
		0CBD8141D7B121BF35D3CE81 /* Pods_AutoSizeBanner.framework */ = {isa = PBXFileReference; explicitFileType = wrapper.framework; includeInIndex = 0; path = Pods_AutoSizeBanner.framework; sourceTree = BUILT_PRODUCTS_DIR; };
		230FA3FAA8D59E57F0CF7E13 /* Pods-AutoSizeBanner.debug.xcconfig */ = {isa = PBXFileReference; includeInIndex = 1; lastKnownFileType = text.xcconfig; name = "Pods-AutoSizeBanner.debug.xcconfig"; path = "Target Support Files/Pods-AutoSizeBanner/Pods-AutoSizeBanner.debug.xcconfig"; sourceTree = "<group>"; };
		40AA30D52861884E00954214 /* AutoSizeBanner.app */ = {isa = PBXFileReference; explicitFileType = wrapper.application; includeInIndex = 0; path = AutoSizeBanner.app; sourceTree = BUILT_PRODUCTS_DIR; };
		40AA30D82861884E00954214 /* AppDelegate.swift */ = {isa = PBXFileReference; lastKnownFileType = sourcecode.swift; path = AppDelegate.swift; sourceTree = "<group>"; };
		40AA30DA2861884E00954214 /* SceneDelegate.swift */ = {isa = PBXFileReference; lastKnownFileType = sourcecode.swift; path = SceneDelegate.swift; sourceTree = "<group>"; };
		40AA30DC2861884F00954214 /* ViewController.swift */ = {isa = PBXFileReference; lastKnownFileType = sourcecode.swift; path = ViewController.swift; sourceTree = "<group>"; };
		40AA30DF2861884F00954214 /* Base */ = {isa = PBXFileReference; lastKnownFileType = file.storyboard; name = Base; path = Base.lproj/Main.storyboard; sourceTree = "<group>"; };
		40AA30E12861885600954214 /* Assets.xcassets */ = {isa = PBXFileReference; lastKnownFileType = folder.assetcatalog; path = Assets.xcassets; sourceTree = "<group>"; };
		40AA30E42861885600954214 /* Base */ = {isa = PBXFileReference; lastKnownFileType = file.storyboard; name = Base; path = Base.lproj/LaunchScreen.storyboard; sourceTree = "<group>"; };
		40AA30E62861885600954214 /* Info.plist */ = {isa = PBXFileReference; lastKnownFileType = text.plist.xml; path = Info.plist; sourceTree = "<group>"; };
		C5CC5A56D48AB148B8293E8E /* Pods-AutoSizeBanner.release.xcconfig */ = {isa = PBXFileReference; includeInIndex = 1; lastKnownFileType = text.xcconfig; name = "Pods-AutoSizeBanner.release.xcconfig"; path = "Target Support Files/Pods-AutoSizeBanner/Pods-AutoSizeBanner.release.xcconfig"; sourceTree = "<group>"; };
/* End PBXFileReference section */

/* Begin PBXFrameworksBuildPhase section */
		40AA30D22861884E00954214 /* Frameworks */ = {
			isa = PBXFrameworksBuildPhase;
			buildActionMask = 2147483647;
			files = (
				3209E120B723028A85347C11 /* Pods_AutoSizeBanner.framework in Frameworks */,
			);
			runOnlyForDeploymentPostprocessing = 0;
		};
/* End PBXFrameworksBuildPhase section */

/* Begin PBXGroup section */
		00AAB6BD460C1D49372B4778 /* Pods */ = {
			isa = PBXGroup;
			children = (
				230FA3FAA8D59E57F0CF7E13 /* Pods-AutoSizeBanner.debug.xcconfig */,
				C5CC5A56D48AB148B8293E8E /* Pods-AutoSizeBanner.release.xcconfig */,
			);
			name = Pods;
			path = Pods;
			sourceTree = "<group>";
		};
		40AA30CC2861884E00954214 = {
			isa = PBXGroup;
			children = (
				40AA30D72861884E00954214 /* AutoSizeBanner */,
				40AA30D62861884E00954214 /* Products */,
				00AAB6BD460C1D49372B4778 /* Pods */,
				9AF7C3C9285EB74D90C0B7D3 /* Frameworks */,
			);
			sourceTree = "<group>";
		};
		40AA30D62861884E00954214 /* Products */ = {
			isa = PBXGroup;
			children = (
				40AA30D52861884E00954214 /* AutoSizeBanner.app */,
			);
			name = Products;
			sourceTree = "<group>";
		};
		40AA30D72861884E00954214 /* AutoSizeBanner */ = {
			isa = PBXGroup;
			children = (
				40AA30D82861884E00954214 /* AppDelegate.swift */,
				40AA30DA2861884E00954214 /* SceneDelegate.swift */,
				40AA30DC2861884F00954214 /* ViewController.swift */,
				40AA30DE2861884F00954214 /* Main.storyboard */,
				40AA30E12861885600954214 /* Assets.xcassets */,
				40AA30E32861885600954214 /* LaunchScreen.storyboard */,
				40AA30E62861885600954214 /* Info.plist */,
			);
			path = AutoSizeBanner;
			sourceTree = "<group>";
		};
		9AF7C3C9285EB74D90C0B7D3 /* Frameworks */ = {
			isa = PBXGroup;
			children = (
				0CBD8141D7B121BF35D3CE81 /* Pods_AutoSizeBanner.framework */,
			);
			name = Frameworks;
			sourceTree = "<group>";
		};
/* End PBXGroup section */

/* Begin PBXNativeTarget section */
		40AA30D42861884E00954214 /* AutoSizeBanner */ = {
			isa = PBXNativeTarget;
			buildConfigurationList = 40AA30E92861885600954214 /* Build configuration list for PBXNativeTarget "AutoSizeBanner" */;
			buildPhases = (
				D40CDB2293C8F8559341BAF6 /* [CP] Check Pods Manifest.lock */,
				40AA30D12861884E00954214 /* Sources */,
				40AA30D22861884E00954214 /* Frameworks */,
				40AA30D32861884E00954214 /* Resources */,
				B0A25F3E5BB5D4EB45DADF7A /* [CP] Embed Pods Frameworks */,
			);
			buildRules = (
			);
			dependencies = (
			);
			name = AutoSizeBanner;
			productName = AutoSizeBanner;
			productReference = 40AA30D52861884E00954214 /* AutoSizeBanner.app */;
			productType = "com.apple.product-type.application";
		};
/* End PBXNativeTarget section */

/* Begin PBXProject section */
		40AA30CD2861884E00954214 /* Project object */ = {
			isa = PBXProject;
			attributes = {
				LastSwiftUpdateCheck = 1240;
				LastUpgradeCheck = 1240;
				TargetAttributes = {
					40AA30D42861884E00954214 = {
						CreatedOnToolsVersion = 12.4;
					};
				};
			};
			buildConfigurationList = 40AA30D02861884E00954214 /* Build configuration list for PBXProject "AutoSizeBanner" */;
			compatibilityVersion = "Xcode 9.3";
			developmentRegion = en;
			hasScannedForEncodings = 0;
			knownRegions = (
				en,
				Base,
			);
			mainGroup = 40AA30CC2861884E00954214;
			productRefGroup = 40AA30D62861884E00954214 /* Products */;
			projectDirPath = "";
			projectRoot = "";
			targets = (
				40AA30D42861884E00954214 /* AutoSizeBanner */,
			);
		};
/* End PBXProject section */

/* Begin PBXResourcesBuildPhase section */
		40AA30D32861884E00954214 /* Resources */ = {
			isa = PBXResourcesBuildPhase;
			buildActionMask = 2147483647;
			files = (
				40AA30E52861885600954214 /* LaunchScreen.storyboard in Resources */,
				40AA30E22861885600954214 /* Assets.xcassets in Resources */,
				40AA30E02861884F00954214 /* Main.storyboard in Resources */,
			);
			runOnlyForDeploymentPostprocessing = 0;
		};
/* End PBXResourcesBuildPhase section */

/* Begin PBXShellScriptBuildPhase section */
		B0A25F3E5BB5D4EB45DADF7A /* [CP] Embed Pods Frameworks */ = {
			isa = PBXShellScriptBuildPhase;
			buildActionMask = 2147483647;
			files = (
			);
			inputFileListPaths = (
				"${PODS_ROOT}/Target Support Files/Pods-AutoSizeBanner/Pods-AutoSizeBanner-frameworks-${CONFIGURATION}-input-files.xcfilelist",
			);
			name = "[CP] Embed Pods Frameworks";
			outputFileListPaths = (
				"${PODS_ROOT}/Target Support Files/Pods-AutoSizeBanner/Pods-AutoSizeBanner-frameworks-${CONFIGURATION}-output-files.xcfilelist",
			);
			runOnlyForDeploymentPostprocessing = 0;
			shellPath = /bin/sh;
			shellScript = "\"${PODS_ROOT}/Target Support Files/Pods-AutoSizeBanner/Pods-AutoSizeBanner-frameworks.sh\"\n";
			showEnvVarsInLog = 0;
		};
		D40CDB2293C8F8559341BAF6 /* [CP] Check Pods Manifest.lock */ = {
			isa = PBXShellScriptBuildPhase;
			buildActionMask = 2147483647;
			files = (
			);
			inputFileListPaths = (
			);
			inputPaths = (
				"${PODS_PODFILE_DIR_PATH}/Podfile.lock",
				"${PODS_ROOT}/Manifest.lock",
			);
			name = "[CP] Check Pods Manifest.lock";
			outputFileListPaths = (
			);
			outputPaths = (
				"$(DERIVED_FILE_DIR)/Pods-AutoSizeBanner-checkManifestLockResult.txt",
			);
			runOnlyForDeploymentPostprocessing = 0;
			shellPath = /bin/sh;
			shellScript = "diff \"${PODS_PODFILE_DIR_PATH}/Podfile.lock\" \"${PODS_ROOT}/Manifest.lock\" > /dev/null\nif [ $? != 0 ] ; then\n    # print error to STDERR\n    echo \"error: The sandbox is not in sync with the Podfile.lock. Run 'pod install' or update your CocoaPods installation.\" >&2\n    exit 1\nfi\n# This output is used by Xcode 'outputs' to avoid re-running this script phase.\necho \"SUCCESS\" > \"${SCRIPT_OUTPUT_FILE_0}\"\n";
			showEnvVarsInLog = 0;
		};
/* End PBXShellScriptBuildPhase section */

/* Begin PBXSourcesBuildPhase section */
		40AA30D12861884E00954214 /* Sources */ = {
			isa = PBXSourcesBuildPhase;
			buildActionMask = 2147483647;
			files = (
				40AA30DD2861884F00954214 /* ViewController.swift in Sources */,
				40AA30D92861884E00954214 /* AppDelegate.swift in Sources */,
				40AA30DB2861884E00954214 /* SceneDelegate.swift in Sources */,
			);
			runOnlyForDeploymentPostprocessing = 0;
		};
/* End PBXSourcesBuildPhase section */

/* Begin PBXVariantGroup section */
		40AA30DE2861884F00954214 /* Main.storyboard */ = {
			isa = PBXVariantGroup;
			children = (
				40AA30DF2861884F00954214 /* Base */,
			);
			name = Main.storyboard;
			sourceTree = "<group>";
		};
		40AA30E32861885600954214 /* LaunchScreen.storyboard */ = {
			isa = PBXVariantGroup;
			children = (
				40AA30E42861885600954214 /* Base */,
			);
			name = LaunchScreen.storyboard;
			sourceTree = "<group>";
		};
/* End PBXVariantGroup section */

/* Begin XCBuildConfiguration section */
		40AA30E72861885600954214 /* Debug */ = {
			isa = XCBuildConfiguration;
			buildSettings = {
				ALWAYS_SEARCH_USER_PATHS = NO;
				CLANG_ANALYZER_NONNULL = YES;
				CLANG_ANALYZER_NUMBER_OBJECT_CONVERSION = YES_AGGRESSIVE;
				CLANG_CXX_LANGUAGE_STANDARD = "gnu++14";
				CLANG_CXX_LIBRARY = "libc++";
				CLANG_ENABLE_MODULES = YES;
				CLANG_ENABLE_OBJC_ARC = YES;
				CLANG_ENABLE_OBJC_WEAK = YES;
				CLANG_WARN_BLOCK_CAPTURE_AUTORELEASING = YES;
				CLANG_WARN_BOOL_CONVERSION = YES;
				CLANG_WARN_COMMA = YES;
				CLANG_WARN_CONSTANT_CONVERSION = YES;
				CLANG_WARN_DEPRECATED_OBJC_IMPLEMENTATIONS = YES;
				CLANG_WARN_DIRECT_OBJC_ISA_USAGE = YES_ERROR;
				CLANG_WARN_DOCUMENTATION_COMMENTS = YES;
				CLANG_WARN_EMPTY_BODY = YES;
				CLANG_WARN_ENUM_CONVERSION = YES;
				CLANG_WARN_INFINITE_RECURSION = YES;
				CLANG_WARN_INT_CONVERSION = YES;
				CLANG_WARN_NON_LITERAL_NULL_CONVERSION = YES;
				CLANG_WARN_OBJC_IMPLICIT_RETAIN_SELF = YES;
				CLANG_WARN_OBJC_LITERAL_CONVERSION = YES;
				CLANG_WARN_OBJC_ROOT_CLASS = YES_ERROR;
				CLANG_WARN_QUOTED_INCLUDE_IN_FRAMEWORK_HEADER = YES;
				CLANG_WARN_RANGE_LOOP_ANALYSIS = YES;
				CLANG_WARN_STRICT_PROTOTYPES = YES;
				CLANG_WARN_SUSPICIOUS_MOVE = YES;
				CLANG_WARN_UNGUARDED_AVAILABILITY = YES_AGGRESSIVE;
				CLANG_WARN_UNREACHABLE_CODE = YES;
				CLANG_WARN__DUPLICATE_METHOD_MATCH = YES;
				COPY_PHASE_STRIP = NO;
				DEBUG_INFORMATION_FORMAT = dwarf;
				ENABLE_STRICT_OBJC_MSGSEND = YES;
				ENABLE_TESTABILITY = YES;
				GCC_C_LANGUAGE_STANDARD = gnu11;
				GCC_DYNAMIC_NO_PIC = NO;
				GCC_NO_COMMON_BLOCKS = YES;
				GCC_OPTIMIZATION_LEVEL = 0;
				GCC_PREPROCESSOR_DEFINITIONS = (
					"DEBUG=1",
					"$(inherited)",
				);
				GCC_WARN_64_TO_32_BIT_CONVERSION = YES;
				GCC_WARN_ABOUT_RETURN_TYPE = YES_ERROR;
				GCC_WARN_UNDECLARED_SELECTOR = YES;
				GCC_WARN_UNINITIALIZED_AUTOS = YES_AGGRESSIVE;
				GCC_WARN_UNUSED_FUNCTION = YES;
				GCC_WARN_UNUSED_VARIABLE = YES;
				IPHONEOS_DEPLOYMENT_TARGET = 14.4;
				MTL_ENABLE_DEBUG_INFO = INCLUDE_SOURCE;
				MTL_FAST_MATH = YES;
				ONLY_ACTIVE_ARCH = YES;
				SDKROOT = iphoneos;
				SWIFT_ACTIVE_COMPILATION_CONDITIONS = DEBUG;
				SWIFT_OPTIMIZATION_LEVEL = "-Onone";
			};
			name = Debug;
		};
		40AA30E82861885600954214 /* Release */ = {
			isa = XCBuildConfiguration;
			buildSettings = {
				ALWAYS_SEARCH_USER_PATHS = NO;
				CLANG_ANALYZER_NONNULL = YES;
				CLANG_ANALYZER_NUMBER_OBJECT_CONVERSION = YES_AGGRESSIVE;
				CLANG_CXX_LANGUAGE_STANDARD = "gnu++14";
				CLANG_CXX_LIBRARY = "libc++";
				CLANG_ENABLE_MODULES = YES;
				CLANG_ENABLE_OBJC_ARC = YES;
				CLANG_ENABLE_OBJC_WEAK = YES;
				CLANG_WARN_BLOCK_CAPTURE_AUTORELEASING = YES;
				CLANG_WARN_BOOL_CONVERSION = YES;
				CLANG_WARN_COMMA = YES;
				CLANG_WARN_CONSTANT_CONVERSION = YES;
				CLANG_WARN_DEPRECATED_OBJC_IMPLEMENTATIONS = YES;
				CLANG_WARN_DIRECT_OBJC_ISA_USAGE = YES_ERROR;
				CLANG_WARN_DOCUMENTATION_COMMENTS = YES;
				CLANG_WARN_EMPTY_BODY = YES;
				CLANG_WARN_ENUM_CONVERSION = YES;
				CLANG_WARN_INFINITE_RECURSION = YES;
				CLANG_WARN_INT_CONVERSION = YES;
				CLANG_WARN_NON_LITERAL_NULL_CONVERSION = YES;
				CLANG_WARN_OBJC_IMPLICIT_RETAIN_SELF = YES;
				CLANG_WARN_OBJC_LITERAL_CONVERSION = YES;
				CLANG_WARN_OBJC_ROOT_CLASS = YES_ERROR;
				CLANG_WARN_QUOTED_INCLUDE_IN_FRAMEWORK_HEADER = YES;
				CLANG_WARN_RANGE_LOOP_ANALYSIS = YES;
				CLANG_WARN_STRICT_PROTOTYPES = YES;
				CLANG_WARN_SUSPICIOUS_MOVE = YES;
				CLANG_WARN_UNGUARDED_AVAILABILITY = YES_AGGRESSIVE;
				CLANG_WARN_UNREACHABLE_CODE = YES;
				CLANG_WARN__DUPLICATE_METHOD_MATCH = YES;
				COPY_PHASE_STRIP = NO;
				DEBUG_INFORMATION_FORMAT = "dwarf-with-dsym";
				ENABLE_NS_ASSERTIONS = NO;
				ENABLE_STRICT_OBJC_MSGSEND = YES;
				GCC_C_LANGUAGE_STANDARD = gnu11;
				GCC_NO_COMMON_BLOCKS = YES;
				GCC_WARN_64_TO_32_BIT_CONVERSION = YES;
				GCC_WARN_ABOUT_RETURN_TYPE = YES_ERROR;
				GCC_WARN_UNDECLARED_SELECTOR = YES;
				GCC_WARN_UNINITIALIZED_AUTOS = YES_AGGRESSIVE;
				GCC_WARN_UNUSED_FUNCTION = YES;
				GCC_WARN_UNUSED_VARIABLE = YES;
				IPHONEOS_DEPLOYMENT_TARGET = 14.4;
				MTL_ENABLE_DEBUG_INFO = NO;
				MTL_FAST_MATH = YES;
				SDKROOT = iphoneos;
				SWIFT_COMPILATION_MODE = wholemodule;
				SWIFT_OPTIMIZATION_LEVEL = "-O";
				VALIDATE_PRODUCT = YES;
			};
			name = Release;
		};
		40AA30EA2861885600954214 /* Debug */ = {
			isa = XCBuildConfiguration;
			baseConfigurationReference = 230FA3FAA8D59E57F0CF7E13 /* Pods-AutoSizeBanner.debug.xcconfig */;
			buildSettings = {
				ASSETCATALOG_COMPILER_APPICON_NAME = AppIcon;
				ASSETCATALOG_COMPILER_GLOBAL_ACCENT_COLOR_NAME = AccentColor;
				CODE_SIGN_STYLE = Automatic;
				INFOPLIST_FILE = AutoSizeBanner/Info.plist;
				LD_RUNPATH_SEARCH_PATHS = (
					"$(inherited)",
					"@executable_path/Frameworks",
				);
				PRODUCT_BUNDLE_IDENTIFIER = com.dabai.bopai.AutoSizeBanner;
				PRODUCT_NAME = "$(TARGET_NAME)";
				SWIFT_VERSION = 5.0;
				TARGETED_DEVICE_FAMILY = "1,2";
			};
			name = Debug;
		};
		40AA30EB2861885600954214 /* Release */ = {
			isa = XCBuildConfiguration;
			baseConfigurationReference = C5CC5A56D48AB148B8293E8E /* Pods-AutoSizeBanner.release.xcconfig */;
			buildSettings = {
				ASSETCATALOG_COMPILER_APPICON_NAME = AppIcon;
				ASSETCATALOG_COMPILER_GLOBAL_ACCENT_COLOR_NAME = AccentColor;
				CODE_SIGN_STYLE = Automatic;
				INFOPLIST_FILE = AutoSizeBanner/Info.plist;
				LD_RUNPATH_SEARCH_PATHS = (
					"$(inherited)",
					"@executable_path/Frameworks",
				);
				PRODUCT_BUNDLE_IDENTIFIER = com.dabai.bopai.AutoSizeBanner;
				PRODUCT_NAME = "$(TARGET_NAME)";
				SWIFT_VERSION = 5.0;
				TARGETED_DEVICE_FAMILY = "1,2";
			};
			name = Release;
		};
/* End XCBuildConfiguration section */

/* Begin XCConfigurationList section */
		40AA30D02861884E00954214 /* Build configuration list for PBXProject "AutoSizeBanner" */ = {
			isa = XCConfigurationList;
			buildConfigurations = (
				40AA30E72861885600954214 /* Debug */,
				40AA30E82861885600954214 /* Release */,
			);
			defaultConfigurationIsVisible = 0;
			defaultConfigurationName = Release;
		};
		40AA30E92861885600954214 /* Build configuration list for PBXNativeTarget "AutoSizeBanner" */ = {
			isa = XCConfigurationList;
			buildConfigurations = (
				40AA30EA2861885600954214 /* Debug */,
				40AA30EB2861885600954214 /* Release */,
			);
			defaultConfigurationIsVisible = 0;
			defaultConfigurationName = Release;
		};
/* End XCConfigurationList section */
	};
	rootObject = 40AA30CD2861884E00954214 /* Project object */;
}
